
Microsoft Visual Studio Solution File, Format Version 12.00
# Visual Studio Version 16
VisualStudioVersion = 16.0.30406.217
MinimumVisualStudioVersion = 10.0.40219.1
Project("{9A19103F-16F7-4668-BE54-9A1E7A4F7556}") = "MobilePhones", "MobilePhones\MobilePhones.csproj", "{39A17963-3BD8-45F8-8BA3-5CB22D88D120}"
EndProject
Project("{FAE04EC0-301F-11D3-BF4B-00C04F79EFBC}") = "MobilePhonesTest", "MobilePhonesTest\MobilePhonesTest.csproj", "{146D4265-A543-41D3-AB85-11E473F65AC5}"
EndProject
Global
	GlobalSection(SolutionConfigurationPlatforms) = preSolution
		Debug|Any CPU = Debug|Any CPU
		Release|Any CPU = Release|Any CPU
	EndGlobalSection
	GlobalSection(ProjectConfigurationPlatforms) = postSolution
		{39A17963-3BD8-45F8-8BA3-5CB22D88D120}.Debug|Any CPU.ActiveCfg = Debug|Any CPU
		{39A17963-3BD8-45F8-8BA3-5CB22D88D120}.Debug|Any CPU.Build.0 = Debug|Any CPU
		{39A17963-3BD8-45F8-8BA3-5CB22D88D120}.Release|Any CPU.ActiveCfg = Release|Any CPU
		{39A17963-3BD8-45F8-8BA3-5CB22D88D120}.Release|Any CPU.Build.0 = Release|Any CPU
		{146D4265-A543-41D3-AB85-11E473F65AC5}.Debug|Any CPU.ActiveCfg = Debug|Any CPU
		{146D4265-A543-41D3-AB85-11E473F65AC5}.Debug|Any CPU.Build.0 = Debug|Any CPU
		{146D4265-A543-41D3-AB85-11E473F65AC5}.Release|Any CPU.ActiveCfg = Release|Any CPU
		{146D4265-A543-41D3-AB85-11E473F65AC5}.Release|Any CPU.Build.0 = Release|Any CPU
	EndGlobalSection
	GlobalSection(SolutionProperties) = preSolution
		HideSolutionNode = FALSE
	EndGlobalSection
	GlobalSection(ExtensibilityGlobals) = postSolution
		SolutionGuid = {D3FAD347-4FA5-4BE8-A31E-C0715F2B9A42}
	EndGlobalSection
EndGlobal
